<?xml version="1.0" encoding="utf-8"?>
<Project ToolsVersion="4.0" xmlns="http://schemas.microsoft.com/developer/msbuild/2003">
  <ItemGroup>
    <Filter Include="Source Files">
      <UniqueIdentifier>{4FC737F1-C7A5-4376-A066-2A32D752A2FF}</UniqueIdentifier>
      <Extensions>cpp;c;cc;cxx;def;odl;idl;hpj;bat;asm;asmx</Extensions>
    </Filter>
    <Filter Include="Header Files">
      <UniqueIdentifier>{93995380-89BD-4b04-88EB-625FBE52EBFB}</UniqueIdentifier>
      <Extensions>h;hpp;hxx;hm;inl;inc;xsd</Extensions>
    </Filter>
    <Filter Include="Resource Files">
      <UniqueIdentifier>{67DA6AB6-F800-4c08-8B7A-83BB121AAD01}</UniqueIdentifier>
      <Extensions>rc;ico;cur;bmp;dlg;rc2;rct;bin;rgs;gif;jpg;jpeg;jpe;resx;tiff;tif;png;wav;mfcribbon-ms</Extensions>
    </Filter>
    <Filter Include="Source Files\lib">
      <UniqueIdentifier>{652fccf8-672d-4d8d-8d22-35768c38f152}</UniqueIdentifier>
    </Filter>
    <Filter Include="Source Files\lib">
      <UniqueIdentifier>{bb0078e7-1cf7-4079-a3f6-637748e80f00}</UniqueIdentifier>
    </Filter>
  </ItemGroup>
  <ItemGroup>
    <ClCompile Include="asyncrequest.cpp">
      <Filter>Source Files\lib</Filter>
    </ClCompile>
    <ClCompile Include="syncrequest.cpp">
      <Filter>Source Files\lib</Filter>
    </ClCompile>
    <ClCompile Include="peer.cpp">
      <Filter>Source Files\lib</Filter>
    </ClCompile>
    <ClCompile Include="peerasync.cpp">
      <Filter>Source Files\lib</Filter>
    </ClCompile>
    <ClCompile Include="jsoncpprpc_exception.cpp">
      <Filter>Source Files\lib</Filter>
    </ClCompile>
  </ItemGroup>
</Project>